// !$*UTF8*$!
{
	archiveVersion = 1;
	classes = {
	};
	objectVersion = 46;
	objects = {

/* Begin PBXBuildFile section */
		976BBEFA1C8D27B900B8C767 /* AppDelegate.swift in Sources */ = {isa = PBXBuildFile; fileRef = 976BBEF91C8D27B900B8C767 /* AppDelegate.swift */; };
		976BBEFC1C8D27B900B8C767 /* ViewController.swift in Sources */ = {isa = PBXBuildFile; fileRef = 976BBEFB1C8D27B900B8C767 /* ViewController.swift */; };
		976BBEFF1C8D27B900B8C767 /* Main.storyboard in Resources */ = {isa = PBXBuildFile; fileRef = 976BBEFD1C8D27B900B8C767 /* Main.storyboard */; };
		976BBF011C8D27B900B8C767 /* Assets.xcassets in Resources */ = {isa = PBXBuildFile; fileRef = 976BBF001C8D27B900B8C767 /* Assets.xcassets */; };
		976BBF041C8D27B900B8C767 /* LaunchScreen.storyboard in Resources */ = {isa = PBXBuildFile; fileRef = 976BBF021C8D27B900B8C767 /* LaunchScreen.storyboard */; };
		976BBF0F1C8D27B900B8C767 /* PhotoMaskTests.swift in Sources */ = {isa = PBXBuildFile; fileRef = 976BBF0E1C8D27B900B8C767 /* PhotoMaskTests.swift */; };
		976BBF1A1C8D27B900B8C767 /* PhotoMaskUITests.swift in Sources */ = {isa = PBXBuildFile; fileRef = 976BBF191C8D27B900B8C767 /* PhotoMaskUITests.swift */; };
/* End PBXBuildFile section */

/* Begin PBXContainerItemProxy section */
		976BBF0B1C8D27B900B8C767 /* PBXContainerItemProxy */ = {
			isa = PBXContainerItemProxy;
			containerPortal = 976BBEEE1C8D27B900B8C767 /* Project object */;
			proxyType = 1;
			remoteGlobalIDString = 976BBEF51C8D27B900B8C767;
			remoteInfo = PhotoMask;
		};
		976BBF161C8D27B900B8C767 /* PBXContainerItemProxy */ = {
			isa = PBXContainerItemProxy;
			containerPortal = 976BBEEE1C8D27B900B8C767 /* Project object */;
			proxyType = 1;
			remoteGlobalIDString = 976BBEF51C8D27B900B8C767;
			remoteInfo = PhotoMask;
		};
/* End PBXContainerItemProxy section */

/* Begin PBXFileReference section */
		976BBEF61C8D27B900B8C767 /* PhotoMask.app */ = {isa = PBXFileReference; explicitFileType = wrapper.application; includeInIndex = 0; path = PhotoMask.app; sourceTree = BUILT_PRODUCTS_DIR; };
		976BBEF91C8D27B900B8C767 /* AppDelegate.swift */ = {isa = PBXFileReference; lastKnownFileType = sourcecode.swift; path = AppDelegate.swift; sourceTree = "<group>"; };
		976BBEFB1C8D27B900B8C767 /* ViewController.swift */ = {isa = PBXFileReference; lastKnownFileType = sourcecode.swift; path = ViewController.swift; sourceTree = "<group>"; };
		976BBEFE1C8D27B900B8C767 /* Base */ = {isa = PBXFileReference; lastKnownFileType = file.storyboard; name = Base; path = Base.lproj/Main.storyboard; sourceTree = "<group>"; };
		976BBF001C8D27B900B8C767 /* Assets.xcassets */ = {isa = PBXFileReference; lastKnownFileType = folder.assetcatalog; path = Assets.xcassets; sourceTree = "<group>"; };
		976BBF031C8D27B900B8C767 /* Base */ = {isa = PBXFileReference; lastKnownFileType = file.storyboard; name = Base; path = Base.lproj/LaunchScreen.storyboard; sourceTree = "<group>"; };
		976BBF051C8D27B900B8C767 /* Info.plist */ = {isa = PBXFileReference; lastKnownFileType = text.plist.xml; path = Info.plist; sourceTree = "<group>"; };
		976BBF0A1C8D27B900B8C767 /* PhotoMaskTests.xctest */ = {isa = PBXFileReference; explicitFileType = wrapper.cfbundle; includeInIndex = 0; path = PhotoMaskTests.xctest; sourceTree = BUILT_PRODUCTS_DIR; };
		976BBF0E1C8D27B900B8C767 /* PhotoMaskTests.swift */ = {isa = PBXFileReference; lastKnownFileType = sourcecode.swift; path = PhotoMaskTests.swift; sourceTree = "<group>"; };
		976BBF101C8D27B900B8C767 /* Info.plist */ = {isa = PBXFileReference; lastKnownFileType = text.plist.xml; path = Info.plist; sourceTree = "<group>"; };
		976BBF151C8D27B900B8C767 /* PhotoMaskUITests.xctest */ = {isa = PBXFileReference; explicitFileType = wrapper.cfbundle; includeInIndex = 0; path = PhotoMaskUITests.xctest; sourceTree = BUILT_PRODUCTS_DIR; };
		976BBF191C8D27B900B8C767 /* PhotoMaskUITests.swift */ = {isa = PBXFileReference; lastKnownFileType = sourcecode.swift; path = PhotoMaskUITests.swift; sourceTree = "<group>"; };
		976BBF1B1C8D27B900B8C767 /* Info.plist */ = {isa = PBXFileReference; lastKnownFileType = text.plist.xml; path = Info.plist; sourceTree = "<group>"; };
/* End PBXFileReference section */

/* Begin PBXFrameworksBuildPhase section */
		976BBEF31C8D27B900B8C767 /* Frameworks */ = {
			isa = PBXFrameworksBuildPhase;
			buildActionMask = 2147483647;
			files = (
			);
			runOnlyForDeploymentPostprocessing = 0;
		};
		976BBF071C8D27B900B8C767 /* Frameworks */ = {
			isa = PBXFrameworksBuildPhase;
			buildActionMask = 2147483647;
			files = (
			);
			runOnlyForDeploymentPostprocessing = 0;
		};
		976BBF121C8D27B900B8C767 /* Frameworks */ = {
			isa = PBXFrameworksBuildPhase;
			buildActionMask = 2147483647;
			files = (
			);
			runOnlyForDeploymentPostprocessing = 0;
		};
/* End PBXFrameworksBuildPhase section */

/* Begin PBXGroup section */
		976BBEED1C8D27B900B8C767 = {
			isa = PBXGroup;
			children = (
				976BBEF81C8D27B900B8C767 /* PhotoMask */,
				976BBF0D1C8D27B900B8C767 /* PhotoMaskTests */,
				976BBF181C8D27B900B8C767 /* PhotoMaskUITests */,
				976BBEF71C8D27B900B8C767 /* Products */,
			);
			sourceTree = "<group>";
		};
		976BBEF71C8D27B900B8C767 /* Products */ = {
			isa = PBXGroup;
			children = (
				976BBEF61C8D27B900B8C767 /* PhotoMask.app */,
				976BBF0A1C8D27B900B8C767 /* PhotoMaskTests.xctest */,
				976BBF151C8D27B900B8C767 /* PhotoMaskUITests.xctest */,
			);
			name = Products;
			sourceTree = "<group>";
		};
		976BBEF81C8D27B900B8C767 /* PhotoMask */ = {
			isa = PBXGroup;
			children = (
				976BBEF91C8D27B900B8C767 /* AppDelegate.swift */,
				976BBEFB1C8D27B900B8C767 /* ViewController.swift */,
				976BBEFD1C8D27B900B8C767 /* Main.storyboard */,
				976BBF001C8D27B900B8C767 /* Assets.xcassets */,
				976BBF021C8D27B900B8C767 /* LaunchScreen.storyboard */,
				976BBF051C8D27B900B8C767 /* Info.plist */,
			);
			path = PhotoMask;
			sourceTree = "<group>";
		};
		976BBF0D1C8D27B900B8C767 /* PhotoMaskTests */ = {
			isa = PBXGroup;
			children = (
				976BBF0E1C8D27B900B8C767 /* PhotoMaskTests.swift */,
				976BBF101C8D27B900B8C767 /* Info.plist */,
			);
			path = PhotoMaskTests;
			sourceTree = "<group>";
		};
		976BBF181C8D27B900B8C767 /* PhotoMaskUITests */ = {
			isa = PBXGroup;
			children = (
				976BBF191C8D27B900B8C767 /* PhotoMaskUITests.swift */,
				976BBF1B1C8D27B900B8C767 /* Info.plist */,
			);
			path = PhotoMaskUITests;
			sourceTree = "<group>";
		};
/* End PBXGroup section */

/* Begin PBXNativeTarget section */
		976BBEF51C8D27B900B8C767 /* PhotoMask */ = {
			isa = PBXNativeTarget;
			buildConfigurationList = 976BBF1E1C8D27B900B8C767 /* Build configuration list for PBXNativeTarget "PhotoMask" */;
			buildPhases = (
				976BBEF21C8D27B900B8C767 /* Sources */,
				976BBEF31C8D27B900B8C767 /* Frameworks */,
				976BBEF41C8D27B900B8C767 /* Resources */,
			);
			buildRules = (
			);
			dependencies = (
			);
			name = PhotoMask;
			productName = PhotoMask;
			productReference = 976BBEF61C8D27B900B8C767 /* PhotoMask.app */;
			productType = "com.apple.product-type.application";
		};
		976BBF091C8D27B900B8C767 /* PhotoMaskTests */ = {
			isa = PBXNativeTarget;
			buildConfigurationList = 976BBF211C8D27B900B8C767 /* Build configuration list for PBXNativeTarget "PhotoMaskTests" */;
			buildPhases = (
				976BBF061C8D27B900B8C767 /* Sources */,
				976BBF071C8D27B900B8C767 /* Frameworks */,
				976BBF081C8D27B900B8C767 /* Resources */,
			);
			buildRules = (
			);
			dependencies = (
				976BBF0C1C8D27B900B8C767 /* PBXTargetDependency */,
			);
			name = PhotoMaskTests;
			productName = PhotoMaskTests;
			productReference = 976BBF0A1C8D27B900B8C767 /* PhotoMaskTests.xctest */;
			productType = "com.apple.product-type.bundle.unit-test";
		};
		976BBF141C8D27B900B8C767 /* PhotoMaskUITests */ = {
			isa = PBXNativeTarget;
			buildConfigurationList = 976BBF241C8D27B900B8C767 /* Build configuration list for PBXNativeTarget "PhotoMaskUITests" */;
			buildPhases = (
				976BBF111C8D27B900B8C767 /* Sources */,
				976BBF121C8D27B900B8C767 /* Frameworks */,
				976BBF131C8D27B900B8C767 /* Resources */,
			);
			buildRules = (
			);
			dependencies = (
				976BBF171C8D27B900B8C767 /* PBXTargetDependency */,
			);
			name = PhotoMaskUITests;
			productName = PhotoMaskUITests;
			productReference = 976BBF151C8D27B900B8C767 /* PhotoMaskUITests.xctest */;
			productType = "com.apple.product-type.bundle.ui-testing";
		};
/* End PBXNativeTarget section */

/* Begin PBXProject section */
		976BBEEE1C8D27B900B8C767 /* Project object */ = {
			isa = PBXProject;
			attributes = {
				LastSwiftUpdateCheck = 0720;
				LastUpgradeCheck = 0720;
				ORGANIZATIONNAME = "Jia Jing";
				TargetAttributes = {
					976BBEF51C8D27B900B8C767 = {
						CreatedOnToolsVersion = 7.2.1;
					};
					976BBF091C8D27B900B8C767 = {
						CreatedOnToolsVersion = 7.2.1;
						TestTargetID = 976BBEF51C8D27B900B8C767;
					};
					976BBF141C8D27B900B8C767 = {
						CreatedOnToolsVersion = 7.2.1;
						TestTargetID = 976BBEF51C8D27B900B8C767;
					};
				};
			};
			buildConfigurationList = 976BBEF11C8D27B900B8C767 /* Build configuration list for PBXProject "PhotoMask" */;
			compatibilityVersion = "Xcode 3.2";
			developmentRegion = English;
			hasScannedForEncodings = 0;
			knownRegions = (
				en,
				Base,
			);
			mainGroup = 976BBEED1C8D27B900B8C767;
			productRefGroup = 976BBEF71C8D27B900B8C767 /* Products */;
			projectDirPath = "";
			projectRoot = "";
			targets = (
				976BBEF51C8D27B900B8C767 /* PhotoMask */,
				976BBF091C8D27B900B8C767 /* PhotoMaskTests */,
				976BBF141C8D27B900B8C767 /* PhotoMaskUITests */,
			);
		};
/* End PBXProject section */

/* Begin PBXResourcesBuildPhase section */
		976BBEF41C8D27B900B8C767 /* Resources */ = {
			isa = PBXResourcesBuildPhase;
			buildActionMask = 2147483647;
			files = (
				976BBF041C8D27B900B8C767 /* LaunchScreen.storyboard in Resources */,
				976BBF011C8D27B900B8C767 /* Assets.xcassets in Resources */,
				976BBEFF1C8D27B900B8C767 /* Main.storyboard in Resources */,
			);
			runOnlyForDeploymentPostprocessing = 0;
		};
		976BBF081C8D27B900B8C767 /* Resources */ = {
			isa = PBXResourcesBuildPhase;
			buildActionMask = 2147483647;
			files = (
			);
			runOnlyForDeploymentPostprocessing = 0;
		};
		976BBF131C8D27B900B8C767 /* Resources */ = {
			isa = PBXResourcesBuildPhase;
			buildActionMask = 2147483647;
			files = (
			);
			runOnlyForDeploymentPostprocessing = 0;
		};
/* End PBXResourcesBuildPhase section */

/* Begin PBXSourcesBuildPhase section */
		976BBEF21C8D27B900B8C767 /* Sources */ = {
			isa = PBXSourcesBuildPhase;
			buildActionMask = 2147483647;
			files = (
				976BBEFC1C8D27B900B8C767 /* ViewController.swift in Sources */,
				976BBEFA1C8D27B900B8C767 /* AppDelegate.swift in Sources */,
			);
			runOnlyForDeploymentPostprocessing = 0;
		};
		976BBF061C8D27B900B8C767 /* Sources */ = {
			isa = PBXSourcesBuildPhase;
			buildActionMask = 2147483647;
			files = (
				976BBF0F1C8D27B900B8C767 /* PhotoMaskTests.swift in Sources */,
			);
			runOnlyForDeploymentPostprocessing = 0;
		};
		976BBF111C8D27B900B8C767 /* Sources */ = {
			isa = PBXSourcesBuildPhase;
			buildActionMask = 2147483647;
			files = (
				976BBF1A1C8D27B900B8C767 /* PhotoMaskUITests.swift in Sources */,
			);
			runOnlyForDeploymentPostprocessing = 0;
		};
/* End PBXSourcesBuildPhase section */

/* Begin PBXTargetDependency section */
		976BBF0C1C8D27B900B8C767 /* PBXTargetDependency */ = {
			isa = PBXTargetDependency;
			target = 976BBEF51C8D27B900B8C767 /* PhotoMask */;
			targetProxy = 976BBF0B1C8D27B900B8C767 /* PBXContainerItemProxy */;
		};
		976BBF171C8D27B900B8C767 /* PBXTargetDependency */ = {
			isa = PBXTargetDependency;
			target = 976BBEF51C8D27B900B8C767 /* PhotoMask */;
			targetProxy = 976BBF161C8D27B900B8C767 /* PBXContainerItemProxy */;
		};
/* End PBXTargetDependency section */

/* Begin PBXVariantGroup section */
		976BBEFD1C8D27B900B8C767 /* Main.storyboard */ = {
			isa = PBXVariantGroup;
			children = (
				976BBEFE1C8D27B900B8C767 /* Base */,
			);
			name = Main.storyboard;
			sourceTree = "<group>";
		};
		976BBF021C8D27B900B8C767 /* LaunchScreen.storyboard */ = {
			isa = PBXVariantGroup;
			children = (
				976BBF031C8D27B900B8C767 /* Base */,
			);
			name = LaunchScreen.storyboard;
			sourceTree = "<group>";
		};
/* End PBXVariantGroup section */

/* Begin XCBuildConfiguration section */
		976BBF1C1C8D27B900B8C767 /* Debug */ = {
			isa = XCBuildConfiguration;
			buildSettings = {
				ALWAYS_SEARCH_USER_PATHS = NO;
				CLANG_CXX_LANGUAGE_STANDARD = "gnu++0x";
				CLANG_CXX_LIBRARY = "libc++";
				CLANG_ENABLE_MODULES = YES;
				CLANG_ENABLE_OBJC_ARC = YES;
				CLANG_WARN_BOOL_CONVERSION = YES;
				CLANG_WARN_CONSTANT_CONVERSION = YES;
				CLANG_WARN_DIRECT_OBJC_ISA_USAGE = YES_ERROR;
				CLANG_WARN_EMPTY_BODY = YES;
				CLANG_WARN_ENUM_CONVERSION = YES;
				CLANG_WARN_INT_CONVERSION = YES;
				CLANG_WARN_OBJC_ROOT_CLASS = YES_ERROR;
				CLANG_WARN_UNREACHABLE_CODE = YES;
				CLANG_WARN__DUPLICATE_METHOD_MATCH = YES;
				"CODE_SIGN_IDENTITY[sdk=iphoneos*]" = "iPhone Developer";
				COPY_PHASE_STRIP = NO;
				DEBUG_INFORMATION_FORMAT = dwarf;
				ENABLE_STRICT_OBJC_MSGSEND = YES;
				ENABLE_TESTABILITY = YES;
				GCC_C_LANGUAGE_STANDARD = gnu99;
				GCC_DYNAMIC_NO_PIC = NO;
				GCC_NO_COMMON_BLOCKS = YES;
				GCC_OPTIMIZATION_LEVEL = 0;
				GCC_PREPROCESSOR_DEFINITIONS = (
					"DEBUG=1",
					"$(inherited)",
				);
				GCC_WARN_64_TO_32_BIT_CONVERSION = YES;
				GCC_WARN_ABOUT_RETURN_TYPE = YES_ERROR;
				GCC_WARN_UNDECLARED_SELECTOR = YES;
				GCC_WARN_UNINITIALIZED_AUTOS = YES_AGGRESSIVE;
				GCC_WARN_UNUSED_FUNCTION = YES;
				GCC_WARN_UNUSED_VARIABLE = YES;
				IPHONEOS_DEPLOYMENT_TARGET = 9.2;
				MTL_ENABLE_DEBUG_INFO = YES;
				ONLY_ACTIVE_ARCH = YES;
				SDKROOT = iphoneos;
				SWIFT_OPTIMIZATION_LEVEL = "-Onone";
				TARGETED_DEVICE_FAMILY = "1,2";
			};
			name = Debug;
		};
		976BBF1D1C8D27B900B8C767 /* Release */ = {
			isa = XCBuildConfiguration;
			buildSettings = {
				ALWAYS_SEARCH_USER_PATHS = NO;
				CLANG_CXX_LANGUAGE_STANDARD = "gnu++0x";
				CLANG_CXX_LIBRARY = "libc++";
				CLANG_ENABLE_MODULES = YES;
				CLANG_ENABLE_OBJC_ARC = YES;
				CLANG_WARN_BOOL_CONVERSION = YES;
				CLANG_WARN_CONSTANT_CONVERSION = YES;
				CLANG_WARN_DIRECT_OBJC_ISA_USAGE = YES_ERROR;
				CLANG_WARN_EMPTY_BODY = YES;
				CLANG_WARN_ENUM_CONVERSION = YES;
				CLANG_WARN_INT_CONVERSION = YES;
				CLANG_WARN_OBJC_ROOT_CLASS = YES_ERROR;
				CLANG_WARN_UNREACHABLE_CODE = YES;
				CLANG_WARN__DUPLICATE_METHOD_MATCH = YES;
				"CODE_SIGN_IDENTITY[sdk=iphoneos*]" = "iPhone Developer";
				COPY_PHASE_STRIP = NO;
				DEBUG_INFORMATION_FORMAT = "dwarf-with-dsym";
				ENABLE_NS_ASSERTIONS = NO;
				ENABLE_STRICT_OBJC_MSGSEND = YES;
				GCC_C_LANGUAGE_STANDARD = gnu99;
				GCC_NO_COMMON_BLOCKS = YES;
				GCC_WARN_64_TO_32_BIT_CONVERSION = YES;
				GCC_WARN_ABOUT_RETURN_TYPE = YES_ERROR;
				GCC_WARN_UNDECLARED_SELECTOR = YES;
				GCC_WARN_UNINITIALIZED_AUTOS = YES_AGGRESSIVE;
				GCC_WARN_UNUSED_FUNCTION = YES;
				GCC_WARN_UNUSED_VARIABLE = YES;
				IPHONEOS_DEPLOYMENT_TARGET = 9.2;
				MTL_ENABLE_DEBUG_INFO = NO;
				SDKROOT = iphoneos;
				TARGETED_DEVICE_FAMILY = "1,2";
				VALIDATE_PRODUCT = YES;
			};
			name = Release;
		};
		976BBF1F1C8D27B900B8C767 /* Debug */ = {
			isa = XCBuildConfiguration;
			buildSettings = {
				ASSETCATALOG_COMPILER_APPICON_NAME = AppIcon;
				INFOPLIST_FILE = PhotoMask/Info.plist;
				LD_RUNPATH_SEARCH_PATHS = "$(inherited) @executable_path/Frameworks";
				PRODUCT_BUNDLE_IDENTIFIER = jiajing.PhotoMask;
				PRODUCT_NAME = "$(TARGET_NAME)";
			};
			name = Debug;
		};
		976BBF201C8D27B900B8C767 /* Release */ = {
			isa = XCBuildConfiguration;
			buildSettings = {
				ASSETCATALOG_COMPILER_APPICON_NAME = AppIcon;
				INFOPLIST_FILE = PhotoMask/Info.plist;
				LD_RUNPATH_SEARCH_PATHS = "$(inherited) @executable_path/Frameworks";
				PRODUCT_BUNDLE_IDENTIFIER = jiajing.PhotoMask;
				PRODUCT_NAME = "$(TARGET_NAME)";
			};
			name = Release;
		};
		976BBF221C8D27B900B8C767 /* Debug */ = {
			isa = XCBuildConfiguration;
			buildSettings = {
				BUNDLE_LOADER = "$(TEST_HOST)";
				INFOPLIST_FILE = PhotoMaskTests/Info.plist;
				LD_RUNPATH_SEARCH_PATHS = "$(inherited) @executable_path/Frameworks @loader_path/Frameworks";
				PRODUCT_BUNDLE_IDENTIFIER = jiajing.PhotoMaskTests;
				PRODUCT_NAME = "$(TARGET_NAME)";
				TEST_HOST = "$(BUILT_PRODUCTS_DIR)/PhotoMask.app/PhotoMask";
			};
			name = Debug;
		};
		976BBF231C8D27B900B8C767 /* Release */ = {
			isa = XCBuildConfiguration;
			buildSettings = {
				BUNDLE_LOADER = "$(TEST_HOST)";
				INFOPLIST_FILE = PhotoMaskTests/Info.plist;
				LD_RUNPATH_SEARCH_PATHS = "$(inherited) @executable_path/Frameworks @loader_path/Frameworks";
				PRODUCT_BUNDLE_IDENTIFIER = jiajing.PhotoMaskTests;
				PRODUCT_NAME = "$(TARGET_NAME)";
				TEST_HOST = "$(BUILT_PRODUCTS_DIR)/PhotoMask.app/PhotoMask";
			};
			name = Release;
		};
		976BBF251C8D27B900B8C767 /* Debug */ = {
			isa = XCBuildConfiguration;
			buildSettings = {
				INFOPLIST_FILE = PhotoMaskUITests/Info.plist;
				LD_RUNPATH_SEARCH_PATHS = "$(inherited) @executable_path/Frameworks @loader_path/Frameworks";
				PRODUCT_BUNDLE_IDENTIFIER = jiajing.PhotoMaskUITests;
				PRODUCT_NAME = "$(TARGET_NAME)";
				TEST_TARGET_NAME = PhotoMask;
				USES_XCTRUNNER = YES;
			};
			name = Debug;
		};
		976BBF261C8D27B900B8C767 /* Release */ = {
			isa = XCBuildConfiguration;
			buildSettings = {
				INFOPLIST_FILE = PhotoMaskUITests/Info.plist;
				LD_RUNPATH_SEARCH_PATHS = "$(inherited) @executable_path/Frameworks @loader_path/Frameworks";
				PRODUCT_BUNDLE_IDENTIFIER = jiajing.PhotoMaskUITests;
				PRODUCT_NAME = "$(TARGET_NAME)";
				TEST_TARGET_NAME = PhotoMask;
				USES_XCTRUNNER = YES;
			};
			name = Release;
		};
/* End XCBuildConfiguration section */

/* Begin XCConfigurationList section */
		976BBEF11C8D27B900B8C767 /* Build configuration list for PBXProject "PhotoMask" */ = {
			isa = XCConfigurationList;
			buildConfigurations = (
				976BBF1C1C8D27B900B8C767 /* Debug */,
				976BBF1D1C8D27B900B8C767 /* Release */,
			);
			defaultConfigurationIsVisible = 0;
			defaultConfigurationName = Release;
		};
		976BBF1E1C8D27B900B8C767 /* Build configuration list for PBXNativeTarget "PhotoMask" */ = {
			isa = XCConfigurationList;
			buildConfigurations = (
				976BBF1F1C8D27B900B8C767 /* Debug */,
				976BBF201C8D27B900B8C767 /* Release */,
			);
			defaultConfigurationIsVisible = 0;
		};
		976BBF211C8D27B900B8C767 /* Build configuration list for PBXNativeTarget "PhotoMaskTests" */ = {
			isa = XCConfigurationList;
			buildConfigurations = (
				976BBF221C8D27B900B8C767 /* Debug */,
				976BBF231C8D27B900B8C767 /* Release */,
			);
			defaultConfigurationIsVisible = 0;
		};
		976BBF241C8D27B900B8C767 /* Build configuration list for PBXNativeTarget "PhotoMaskUITests" */ = {
			isa = XCConfigurationList;
			buildConfigurations = (
				976BBF251C8D27B900B8C767 /* Debug */,
				976BBF261C8D27B900B8C767 /* Release */,
			);
			defaultConfigurationIsVisible = 0;
		};
/* End XCConfigurationList section */
	};
	rootObject = 976BBEEE1C8D27B900B8C767 /* Project object */;
}
